
Microsoft Visual Studio Solution File, Format Version 12.00
# Visual Studio 2015
Project("{FAE04EC0-301F-11D3-BF4B-00C04F79EFBC}") = "DefenseAndBoo.CSharp.Plugins", "DefenseAndBoo.CSharp.Plugins.csproj", "{38FF9FB5-B46E-893E-6746-3C9A494E1602}"
EndProject
Project("{FAE04EC0-301F-11D3-BF4B-00C04F79EFBC}") = "DefenseAndBoo.CSharp", "DefenseAndBoo.CSharp.csproj", "{1179FCC0-C6C9-308D-0A27-3787710AD347}"
EndProject
Global
	GlobalSection(SolutionConfigurationPlatforms) = preSolution
		Debug|Any CPU = Debug|Any CPU
		Release|Any CPU = Release|Any CPU
	EndGlobalSection
	GlobalSection(ProjectConfigurationPlatforms) = postSolution
		{38FF9FB5-B46E-893E-6746-3C9A494E1602}.Debug|Any CPU.ActiveCfg = Debug|Any CPU
		{38FF9FB5-B46E-893E-6746-3C9A494E1602}.Debug|Any CPU.Build.0 = Debug|Any CPU
		{38FF9FB5-B46E-893E-6746-3C9A494E1602}.Release|Any CPU.ActiveCfg = Release|Any CPU
		{38FF9FB5-B46E-893E-6746-3C9A494E1602}.Release|Any CPU.Build.0 = Release|Any CPU
		{1179FCC0-C6C9-308D-0A27-3787710AD347}.Debug|Any CPU.ActiveCfg = Debug|Any CPU
		{1179FCC0-C6C9-308D-0A27-3787710AD347}.Debug|Any CPU.Build.0 = Debug|Any CPU
		{1179FCC0-C6C9-308D-0A27-3787710AD347}.Release|Any CPU.ActiveCfg = Release|Any CPU
		{1179FCC0-C6C9-308D-0A27-3787710AD347}.Release|Any CPU.Build.0 = Release|Any CPU
	EndGlobalSection
	GlobalSection(SolutionProperties) = preSolution
		HideSolutionNode = FALSE
	EndGlobalSection
EndGlobal
